lockfileVersion: 5.4

specifiers:
  codice: ^0.2.0
  devjar: link:./
  es-module-lexer: 1.4.1
  es-module-shims: 1.8.2
  next: ^14.1.0
  react: ^18.2.0
  react-dom: ^18.2.0
  sucrase: 3.35.0
  sugar-high: ^0.5.6

dependencies:
  es-module-lexer: 1.4.1
  es-module-shims: 1.8.2
  sucrase: 3.35.0

devDependencies:
  codice: 0.2.0_qrnvwe6htrr3bcqtcyuxzcr2vi
  devjar: 'link:'
  next: 14.1.0_biqbaboplfbrettd7655fr4n2y
  react: 18.2.0
  react-dom: 18.2.0_react@18.2.0
  sugar-high: 0.5.6

packages:

  /@isaacs/cliui/8.0.2:
    resolution: {integrity: sha512-O8jcjabXaleOG9DQ0+ARXWZBTfnP4WNAqzuiJK7ll44AmxGKv/J2M4TPjxjY3znBCfvBXFzucm1twdyFybFqEA==}
    engines: {node: '>=12'}
    dependencies:
      string-width: 5.1.2
      string-width-cjs: /string-width/4.2.3
      strip-ansi: 7.1.0
      strip-ansi-cjs: /strip-ansi/6.0.1
      wrap-ansi: 8.1.0
      wrap-ansi-cjs: /wrap-ansi/7.0.0
    dev: false

  /@jridgewell/gen-mapping/0.3.3:
    resolution: {integrity: sha512-HLhSWOLRi875zjjMG/r+Nv0oCW8umGb0BgEhyX3dDX3egwZtB8PqLnjz3yedt8R5StBrzcg4aBpnh8UA9D1BoQ==}
    engines: {node: '>=6.0.0'}
    dependencies:
      '@jridgewell/set-array': 1.1.2
      '@jridgewell/sourcemap-codec': 1.4.15
      '@jridgewell/trace-mapping': 0.3.22
    dev: false

  /@jridgewell/resolve-uri/3.1.1:
    resolution: {integrity: sha512-dSYZh7HhCDtCKm4QakX0xFpsRDqjjtZf/kjI/v3T3Nwt5r8/qz/M19F9ySyOqU94SXBmeG9ttTul+YnR4LOxFA==}
    engines: {node: '>=6.0.0'}
    dev: false

  /@jridgewell/set-array/1.1.2:
    resolution: {integrity: sha512-xnkseuNADM0gt2bs+BvhO0p78Mk762YnZdsuzFV018NoG1Sj1SCQvpSqa7XUaTam5vAGasABV9qXASMKnFMwMw==}
    engines: {node: '>=6.0.0'}
    dev: false

  /@jridgewell/sourcemap-codec/1.4.15:
    resolution: {integrity: sha512-eF2rxCRulEKXHTRiDrDy6erMYWqNw4LPdQ8UQA4huuxaQsVeRPFl2oM8oDGxMFhJUWZf9McpLtJasDDZb/Bpeg==}
    dev: false

  /@jridgewell/trace-mapping/0.3.22:
    resolution: {integrity: sha512-Wf963MzWtA2sjrNt+g18IAln9lKnlRp+K2eH4jjIoF1wYeq3aMREpG09xhlhdzS0EjwU7qmUJYangWa+151vZw==}
    dependencies:
      '@jridgewell/resolve-uri': 3.1.1
      '@jridgewell/sourcemap-codec': 1.4.15
    dev: false

  /@next/env/14.1.0:
    resolution: {integrity: sha512-Py8zIo+02ht82brwwhTg36iogzFqGLPXlRGKQw5s+qP/kMNc4MAyDeEwBKDijk6zTIbegEgu8Qy7C1LboslQAw==}
    dev: true

  /@next/swc-darwin-arm64/14.1.0:
    resolution: {integrity: sha512-nUDn7TOGcIeyQni6lZHfzNoo9S0euXnu0jhsbMOmMJUBfgsnESdjN97kM7cBqQxZa8L/bM9om/S5/1dzCrW6wQ==}
    engines: {node: '>= 10'}
    cpu: [arm64]
    os: [darwin]
    requiresBuild: true
    dev: true
    optional: true

  /@next/swc-darwin-x64/14.1.0:
    resolution: {integrity: sha512-1jgudN5haWxiAl3O1ljUS2GfupPmcftu2RYJqZiMJmmbBT5M1XDffjUtRUzP4W3cBHsrvkfOFdQ71hAreNQP6g==}
    engines: {node: '>= 10'}
    cpu: [x64]
    os: [darwin]
    requiresBuild: true
    dev: true
    optional: true

  /@next/swc-linux-arm64-gnu/14.1.0:
    resolution: {integrity: sha512-RHo7Tcj+jllXUbK7xk2NyIDod3YcCPDZxj1WLIYxd709BQ7WuRYl3OWUNG+WUfqeQBds6kvZYlc42NJJTNi4tQ==}
    engines: {node: '>= 10'}
    cpu: [arm64]
    os: [linux]
    requiresBuild: true
    dev: true
    optional: true

  /@next/swc-linux-arm64-musl/14.1.0:
    resolution: {integrity: sha512-v6kP8sHYxjO8RwHmWMJSq7VZP2nYCkRVQ0qolh2l6xroe9QjbgV8siTbduED4u0hlk0+tjS6/Tuy4n5XCp+l6g==}
    engines: {node: '>= 10'}
    cpu: [arm64]
    os: [linux]
    requiresBuild: true
    dev: true
    optional: true

  /@next/swc-linux-x64-gnu/14.1.0:
    resolution: {integrity: sha512-zJ2pnoFYB1F4vmEVlb/eSe+VH679zT1VdXlZKX+pE66grOgjmKJHKacf82g/sWE4MQ4Rk2FMBCRnX+l6/TVYzQ==}
    engines: {node: '>= 10'}
    cpu: [x64]
    os: [linux]
    requiresBuild: true
    dev: true
    optional: true

  /@next/swc-linux-x64-musl/14.1.0:
    resolution: {integrity: sha512-rbaIYFt2X9YZBSbH/CwGAjbBG2/MrACCVu2X0+kSykHzHnYH5FjHxwXLkcoJ10cX0aWCEynpu+rP76x0914atg==}
    engines: {node: '>= 10'}
    cpu: [x64]
    os: [linux]
    requiresBuild: true
    dev: true
    optional: true

  /@next/swc-win32-arm64-msvc/14.1.0:
    resolution: {integrity: sha512-o1N5TsYc8f/HpGt39OUQpQ9AKIGApd3QLueu7hXk//2xq5Z9OxmV6sQfNp8C7qYmiOlHYODOGqNNa0e9jvchGQ==}
    engines: {node: '>= 10'}
    cpu: [arm64]
    os: [win32]
    requiresBuild: true
    dev: true
    optional: true

  /@next/swc-win32-ia32-msvc/14.1.0:
    resolution: {integrity: sha512-XXIuB1DBRCFwNO6EEzCTMHT5pauwaSj4SWs7CYnME57eaReAKBXCnkUE80p/pAZcewm7hs+vGvNqDPacEXHVkw==}
    engines: {node: '>= 10'}
    cpu: [ia32]
    os: [win32]
    requiresBuild: true
    dev: true
    optional: true

  /@next/swc-win32-x64-msvc/14.1.0:
    resolution: {integrity: sha512-9WEbVRRAqJ3YFVqEZIxUqkiO8l1nool1LmNxygr5HWF8AcSYsEpneUDhmjUVJEzO2A04+oPtZdombzzPPkTtgg==}
    engines: {node: '>= 10'}
    cpu: [x64]
    os: [win32]
    requiresBuild: true
    dev: true
    optional: true

  /@pkgjs/parseargs/0.11.0:
    resolution: {integrity: sha512-+1VkjdD0QBLPodGrJUeqarH8VAIvQODIbwh9XpP5Syisf7YoQgsJKPNFoqqLQlu+VQ/tVSshMR6loPMn8U+dPg==}
    engines: {node: '>=14'}
    requiresBuild: true
    dev: false
    optional: true

  /@swc/helpers/0.5.2:
    resolution: {integrity: sha512-E4KcWTpoLHqwPHLxidpOqQbcrZVgi0rsmmZXUle1jXmJfuIf/UWpczUJ7MZZ5tlxytgJXyp0w4PGkkeLiuIdZw==}
    dependencies:
      tslib: 2.6.2
    dev: true

  /ansi-regex/5.0.1:
    resolution: {integrity: sha512-quJQXlTSUGL2LH9SUXo8VwsY4soanhgo6LNSm84E1LBcE8s3O0wpdiRzyR9z/ZZJMlMWv37qOOb9pdJlMUEKFQ==}
    engines: {node: '>=8'}
    dev: false

  /ansi-regex/6.0.1:
    resolution: {integrity: sha512-n5M855fKb2SsfMIiFFoVrABHJC8QtHwVx+mHWP3QcEqBHYienj5dHSgjbxtC0WEZXYt4wcD6zrQElDPhFuZgfA==}
    engines: {node: '>=12'}
    dev: false

  /ansi-styles/4.3.0:
    resolution: {integrity: sha512-zbB9rCJAT1rbjiVDb2hqKFHNYLxgtk8NURxZ3IZwD3F6NtxbXZQCnnSi1Lkx+IDohdPlFp222wVALIheZJQSEg==}
    engines: {node: '>=8'}
    dependencies:
      color-convert: 2.0.1
    dev: false

  /ansi-styles/6.2.1:
    resolution: {integrity: sha512-bN798gFfQX+viw3R7yrGWRqnrN2oRkEkUjjl4JNn4E8GxxbjtG3FbrEIIY3l8/hrwUwIeCZvi4QuOTP4MErVug==}
    engines: {node: '>=12'}
    dev: false

  /any-promise/1.3.0:
    resolution: {integrity: sha512-7UvmKalWRt1wgjL1RrGxoSJW/0QZFIegpeGvZG9kjp8vrRu55XTHbwnqq2GpXm9uLbcuhxm3IqX9OB4MZR1b2A==}
    dev: false

  /balanced-match/1.0.2:
    resolution: {integrity: sha512-3oSeUO0TMV67hN1AmbXsK4yaqU7tjiHlbxRDZOpH0KW9+CeX4bRAaX0Anxt0tx2MrpRpWwQaPwIlISEJhYU5Pw==}
    dev: false

  /brace-expansion/2.0.1:
    resolution: {integrity: sha512-XnAIvQ8eM+kC6aULx6wuQiwVsnzsi9d3WxzV3FpWTGA19F621kwdbsAcFKXgKUHZWsy+mY6iL1sHTxWEFCytDA==}
    dependencies:
      balanced-match: 1.0.2
    dev: false

  /busboy/1.6.0:
    resolution: {integrity: sha512-8SFQbg/0hQ9xy3UNTB0YEnsNBbWfhf7RtnzpL7TkBiTBRfrQ9Fxcnz7VJsleJpyp6rVLvXiuORqjlHi5q+PYuA==}
    engines: {node: '>=10.16.0'}
    dependencies:
      streamsearch: 1.1.0
    dev: true

  /caniuse-lite/1.0.30001585:
    resolution: {integrity: sha512-yr2BWR1yLXQ8fMpdS/4ZZXpseBgE7o4g41x3a6AJOqZuOi+iE/WdJYAuZ6Y95i4Ohd2Y+9MzIWRR+uGABH4s3Q==}
    dev: true

  /client-only/0.0.1:
    resolution: {integrity: sha512-IV3Ou0jSMzZrd3pZ48nLkT9DA7Ag1pnPzaiQhpW7c3RbcqqzvzzVu+L8gfqMp/8IM2MQtSiqaCxrrcfu8I8rMA==}
    dev: true

  /codice/0.2.0_qrnvwe6htrr3bcqtcyuxzcr2vi:
    resolution: {integrity: sha512-6Ap8lRtTL8H371JmrXZ6ES5CCKSc/dK5ZomPvywB3dNwH6hZIvXKl9hi7OHx09imPRRrUZRBJY9QX+Jqflc8VQ==}
    peerDependencies:
      react: ^17.0.0 || ^18.0.0
      sugar-high: '*'
    dependencies:
      react: 18.2.0
      sugar-high: 0.5.6
    dev: true

  /color-convert/2.0.1:
    resolution: {integrity: sha512-RRECPsj7iu/xb5oKYcsFHSppFNnsj/52OVTRKb4zP5onXwVF3zVmmToNcOfGC+CRDpfK/U584fMg38ZHCaElKQ==}
    engines: {node: '>=7.0.0'}
    dependencies:
      color-name: 1.1.4
    dev: false

  /color-name/1.1.4:
    resolution: {integrity: sha512-dOy+3AuW3a2wNbZHIuMZpTcgjGuLU/uBL/ubcZF9OXbDo8ff4O8yVp5Bf0efS8uEoYo5q4Fx7dY9OgQGXgAsQA==}
    dev: false

  /commander/4.1.1:
    resolution: {integrity: sha512-NOKm8xhkzAjzFx8B2v5OAHT+u5pRQc2UCa2Vq9jYL/31o2wi9mxBA7LIFs3sV5VSC49z6pEhfbMULvShKj26WA==}
    engines: {node: '>= 6'}
    dev: false

  /cross-spawn/7.0.3:
    resolution: {integrity: sha512-iRDPJKUPVEND7dHPO8rkbOnPpyDygcDFtWjpeWNCgy8WP2rXcxXL8TskReQl6OrB2G7+UJrags1q15Fudc7G6w==}
    engines: {node: '>= 8'}
    dependencies:
      path-key: 3.1.1
      shebang-command: 2.0.0
      which: 2.0.2
    dev: false

  /eastasianwidth/0.2.0:
    resolution: {integrity: sha512-I88TYZWc9XiYHRQ4/3c5rjjfgkjhLyW2luGIheGERbNQ6OY7yTybanSpDXZa8y7VUP9YmDcYa+eyq4ca7iLqWA==}
    dev: false

  /emoji-regex/8.0.0:
    resolution: {integrity: sha512-MSjYzcWNOA0ewAHpz0MxpYFvwg6yjy1NG3xteoqz644VCo/RPgnr1/GGt+ic3iJTzQ8Eu3TdM14SawnVUmGE6A==}
    dev: false

  /emoji-regex/9.2.2:
    resolution: {integrity: sha512-L18DaJsXSUk2+42pv8mLs5jJT2hqFkFE4j21wOmgbUqsZ2hL72NsUU785g9RXgo3s0ZNgVl42TiHp3ZtOv/Vyg==}
    dev: false

  /es-module-lexer/1.4.1:
    resolution: {integrity: sha512-cXLGjP0c4T3flZJKQSuziYoq7MlT+rnvfZjfp7h+I7K9BNX54kP9nyWvdbwjQ4u1iWbOL4u96fgeZLToQlZC7w==}
    dev: false

  /es-module-shims/1.8.2:
    resolution: {integrity: sha512-7vIYVzpOhXtpc3Yn03itB+GSgVZFW7oL4kdydA+iL+IEi7HiSLBUxM05QFw4SxTl6e++pMpGqZPo2+vdNs3TbA==}
    dev: false

  /foreground-child/3.1.1:
    resolution: {integrity: sha512-TMKDUnIte6bfb5nWv7V/caI169OHgvwjb7V4WkeUvbQQdjr5rWKqHFiKWb/fcOwB+CzBT+qbWjvj+DVwRskpIg==}
    engines: {node: '>=14'}
    dependencies:
      cross-spawn: 7.0.3
      signal-exit: 4.1.0
    dev: false

  /glob/10.3.10:
    resolution: {integrity: sha512-fa46+tv1Ak0UPK1TOy/pZrIybNNt4HCv7SDzwyfiOZkvZLEbjsZkJBPtDHVshZjbecAoAGSC20MjLDG/qr679g==}
    engines: {node: '>=16 || 14 >=14.17'}
    hasBin: true
    dependencies:
      foreground-child: 3.1.1
      jackspeak: 2.3.6
      minimatch: 9.0.3
      minipass: 7.0.4
      path-scurry: 1.10.1
    dev: false

  /graceful-fs/4.2.11:
    resolution: {integrity: sha512-RbJ5/jmFcNNCcDV5o9eTnBLJ/HszWV0P73bc+Ff4nS/rJj+YaS6IGyiOL0VoBYX+l1Wrl3k63h/KrH+nhJ0XvQ==}
    dev: true

  /is-fullwidth-code-point/3.0.0:
    resolution: {integrity: sha512-zymm5+u+sCsSWyD9qNaejV3DFvhCKclKdizYaJUuHA83RLjb7nSuGnddCHGv0hk+KY7BMAlsWeK4Ueg6EV6XQg==}
    engines: {node: '>=8'}
    dev: false

  /isexe/2.0.0:
    resolution: {integrity: sha512-RHxMLp9lnKHGHRng9QFhRCMbYAcVpn69smSGcq3f36xjgVVWThj4qqLbTLlq7Ssj8B+fIQ1EuCEGI2lKsyQeIw==}
    dev: false

  /jackspeak/2.3.6:
    resolution: {integrity: sha512-N3yCS/NegsOBokc8GAdM8UcmfsKiSS8cipheD/nivzr700H+nsMOxJjQnvwOcRYVuFkdH0wGUvW2WbXGmrZGbQ==}
    engines: {node: '>=14'}
    dependencies:
      '@isaacs/cliui': 8.0.2
    optionalDependencies:
      '@pkgjs/parseargs': 0.11.0
    dev: false

  /js-tokens/4.0.0:
    resolution: {integrity: sha512-RdJUflcE3cUzKiMqQgsCu06FPu9UdIJO0beYbPhHN4k6apgJtifcoCtT9bcxOpYBtpD2kCM6Sbzg4CausW/PKQ==}
    dev: true

  /lines-and-columns/1.2.4:
    resolution: {integrity: sha512-7ylylesZQ/PV29jhEDl3Ufjo6ZX7gCqJr5F7PKrqc93v7fzSymt1BpwEU8nAUXs8qzzvqhbjhK5QZg6Mt/HkBg==}
    dev: false

  /loose-envify/1.4.0:
    resolution: {integrity: sha512-lyuxPGr/Wfhrlem2CL/UcnUc1zcqKAImBDzukY7Y5F/yQiNdko6+fRLevlw1HgMySw7f611UIY408EtxRSoK3Q==}
    hasBin: true
    dependencies:
      js-tokens: 4.0.0
    dev: true

  /lru-cache/10.2.0:
    resolution: {integrity: sha512-2bIM8x+VAf6JT4bKAljS1qUWgMsqZRPGJS6FSahIMPVvctcNhyVp7AJu7quxOW9jwkryBReKZY5tY5JYv2n/7Q==}
    engines: {node: 14 || >=16.14}
    dev: false

  /minimatch/9.0.3:
    resolution: {integrity: sha512-RHiac9mvaRw0x3AYRgDC1CxAP7HTcNrrECeA8YYJeWnpo+2Q5CegtZjaotWTWxDG3UeGA1coE05iH1mPjT/2mg==}
    engines: {node: '>=16 || 14 >=14.17'}
    dependencies:
      brace-expansion: 2.0.1
    dev: false

  /minipass/7.0.4:
    resolution: {integrity: sha512-jYofLM5Dam9279rdkWzqHozUo4ybjdZmCsDHePy5V/PbBcVMiSZR97gmAy45aqi8CK1lG2ECd356FU86avfwUQ==}
    engines: {node: '>=16 || 14 >=14.17'}
    dev: false

  /mz/2.7.0:
    resolution: {integrity: sha512-z81GNO7nnYMEhrGh9LeymoE4+Yr0Wn5McHIZMK5cfQCl+NDX08sCZgUc9/6MHni9IWuFLm1Z3HTCXu2z9fN62Q==}
    dependencies:
      any-promise: 1.3.0
      object-assign: 4.1.1
      thenify-all: 1.6.0
    dev: false

  /nanoid/3.3.7:
    resolution: {integrity: sha512-eSRppjcPIatRIMC1U6UngP8XFcz8MQWGQdt1MTBQ7NaAmvXDfvNxbvWV3x2y6CdEUciCSsDHDQZbhYaB8QEo2g==}
    engines: {node: ^10 || ^12 || ^13.7 || ^14 || >=15.0.1}
    hasBin: true
    dev: true

  /next/14.1.0_biqbaboplfbrettd7655fr4n2y:
    resolution: {integrity: sha512-wlzrsbfeSU48YQBjZhDzOwhWhGsy+uQycR8bHAOt1LY1bn3zZEcDyHQOEoN3aWzQ8LHCAJ1nqrWCc9XF2+O45Q==}
    engines: {node: '>=18.17.0'}
    hasBin: true
    peerDependencies:
      '@opentelemetry/api': ^1.1.0
      react: ^18.2.0
      react-dom: ^18.2.0
      sass: ^1.3.0
    peerDependenciesMeta:
      '@opentelemetry/api':
        optional: true
      sass:
        optional: true
    dependencies:
      '@next/env': 14.1.0
      '@swc/helpers': 0.5.2
      busboy: 1.6.0
      caniuse-lite: 1.0.30001585
      graceful-fs: 4.2.11
      postcss: 8.4.31
      react: 18.2.0
      react-dom: 18.2.0_react@18.2.0
      styled-jsx: 5.1.1_react@18.2.0
    optionalDependencies:
      '@next/swc-darwin-arm64': 14.1.0
      '@next/swc-darwin-x64': 14.1.0
      '@next/swc-linux-arm64-gnu': 14.1.0
      '@next/swc-linux-arm64-musl': 14.1.0
      '@next/swc-linux-x64-gnu': 14.1.0
      '@next/swc-linux-x64-musl': 14.1.0
      '@next/swc-win32-arm64-msvc': 14.1.0
      '@next/swc-win32-ia32-msvc': 14.1.0
      '@next/swc-win32-x64-msvc': 14.1.0
    transitivePeerDependencies:
      - '@babel/core'
      - babel-plugin-macros
    dev: true

  /object-assign/4.1.1:
    resolution: {integrity: sha512-rJgTQnkUnH1sFw8yT6VSU3zD3sWmu6sZhIseY8VX+GRu3P6F7Fu+JNDoXfklElbLJSnc3FUQHVe4cU5hj+BcUg==}
    engines: {node: '>=0.10.0'}
    dev: false

  /path-key/3.1.1:
    resolution: {integrity: sha512-ojmeN0qd+y0jszEtoY48r0Peq5dwMEkIlCOu6Q5f41lfkswXuKtYrhgoTpLnyIcHm24Uhqx+5Tqm2InSwLhE6Q==}
    engines: {node: '>=8'}
    dev: false

  /path-scurry/1.10.1:
    resolution: {integrity: sha512-MkhCqzzBEpPvxxQ71Md0b1Kk51W01lrYvlMzSUaIzNsODdd7mqhiimSZlr+VegAz5Z6Vzt9Xg2ttE//XBhH3EQ==}
    engines: {node: '>=16 || 14 >=14.17'}
    dependencies:
      lru-cache: 10.2.0
      minipass: 7.0.4
    dev: false

  /picocolors/1.0.0:
    resolution: {integrity: sha512-1fygroTLlHu66zi26VoTDv8yRgm0Fccecssto+MhsZ0D/DGW2sm8E8AjW7NU5VVTRt5GxbeZ5qBuJr+HyLYkjQ==}
    dev: true

  /pirates/4.0.6:
    resolution: {integrity: sha512-saLsH7WeYYPiD25LDuLRRY/i+6HaPYr6G1OUlN39otzkSTxKnubR9RTxS3/Kk50s1g2JTgFwWQDQyplC5/SHZg==}
    engines: {node: '>= 6'}
    dev: false

  /postcss/8.4.31:
    resolution: {integrity: sha512-PS08Iboia9mts/2ygV3eLpY5ghnUcfLV/EXTOW1E2qYxJKGGBUtNjN76FYHnMs36RmARn41bC0AZmn+rR0OVpQ==}
    engines: {node: ^10 || ^12 || >=14}
    dependencies:
      nanoid: 3.3.7
      picocolors: 1.0.0
      source-map-js: 1.0.2
    dev: true

  /react-dom/18.2.0_react@18.2.0:
    resolution: {integrity: sha512-6IMTriUmvsjHUjNtEDudZfuDQUoWXVxKHhlEGSk81n4YFS+r/Kl99wXiwlVXtPBtJenozv2P+hxDsw9eA7Xo6g==}
    peerDependencies:
      react: ^18.2.0
    dependencies:
      loose-envify: 1.4.0
      react: 18.2.0
      scheduler: 0.23.0
    dev: true

  /react/18.2.0:
    resolution: {integrity: sha512-/3IjMdb2L9QbBdWiW5e3P2/npwMBaU9mHCSCUzNln0ZCYbcfTsGbTJrU/kGemdH2IWmB2ioZ+zkxtmq6g09fGQ==}
    engines: {node: '>=0.10.0'}
    dependencies:
      loose-envify: 1.4.0
    dev: true

  /scheduler/0.23.0:
    resolution: {integrity: sha512-CtuThmgHNg7zIZWAXi3AsyIzA3n4xx7aNyjwC2VJldO2LMVDhFK+63xGqq6CsJH4rTAt6/M+N4GhZiDYPx9eUw==}
    dependencies:
      loose-envify: 1.4.0
    dev: true

  /shebang-command/2.0.0:
    resolution: {integrity: sha512-kHxr2zZpYtdmrN1qDjrrX/Z1rR1kG8Dx+gkpK1G4eXmvXswmcE1hTWBWYUzlraYw1/yZp6YuDY77YtvbN0dmDA==}
    engines: {node: '>=8'}
    dependencies:
      shebang-regex: 3.0.0
    dev: false

  /shebang-regex/3.0.0:
    resolution: {integrity: sha512-7++dFhtcx3353uBaq8DDR4NuxBetBzC7ZQOhmTQInHEd6bSrXdiEyzCvG07Z44UYdLShWUyXt5M/yhz8ekcb1A==}
    engines: {node: '>=8'}
    dev: false

  /signal-exit/4.1.0:
    resolution: {integrity: sha512-bzyZ1e88w9O1iNJbKnOlvYTrWPDl46O1bG0D3XInv+9tkPrxrN8jUUTiFlDkkmKWgn1M6CfIA13SuGqOa9Korw==}
    engines: {node: '>=14'}
    dev: false

  /source-map-js/1.0.2:
    resolution: {integrity: sha512-R0XvVJ9WusLiqTCEiGCmICCMplcCkIwwR11mOSD9CR5u+IXYdiseeEuXCVAjS54zqwkLcPNnmU4OeJ6tUrWhDw==}
    engines: {node: '>=0.10.0'}
    dev: true

  /streamsearch/1.1.0:
    resolution: {integrity: sha512-Mcc5wHehp9aXz1ax6bZUyY5afg9u2rv5cqQI3mRrYkGC8rW2hM02jWuwjtL++LS5qinSyhj2QfLyNsuc+VsExg==}
    engines: {node: '>=10.0.0'}
    dev: true

  /string-width/4.2.3:
    resolution: {integrity: sha512-wKyQRQpjJ0sIp62ErSZdGsjMJWsap5oRNihHhu6G7JVO/9jIB6UyevL+tXuOqrng8j/cxKTWyWUwvSTriiZz/g==}
    engines: {node: '>=8'}
    dependencies:
      emoji-regex: 8.0.0
      is-fullwidth-code-point: 3.0.0
      strip-ansi: 6.0.1
    dev: false

  /string-width/5.1.2:
    resolution: {integrity: sha512-HnLOCR3vjcY8beoNLtcjZ5/nxn2afmME6lhrDrebokqMap+XbeW8n9TXpPDOqdGK5qcI3oT0GKTW6wC7EMiVqA==}
    engines: {node: '>=12'}
    dependencies:
      eastasianwidth: 0.2.0
      emoji-regex: 9.2.2
      strip-ansi: 7.1.0
    dev: false

  /strip-ansi/6.0.1:
    resolution: {integrity: sha512-Y38VPSHcqkFrCpFnQ9vuSXmquuv5oXOKpGeT6aGrr3o3Gc9AlVa6JBfUSOCnbxGGZF+/0ooI7KrPuUSztUdU5A==}
    engines: {node: '>=8'}
    dependencies:
      ansi-regex: 5.0.1
    dev: false

  /strip-ansi/7.1.0:
    resolution: {integrity: sha512-iq6eVVI64nQQTRYq2KtEg2d2uU7LElhTJwsH4YzIHZshxlgZms/wIc4VoDQTlG/IvVIrBKG06CrZnp0qv7hkcQ==}
    engines: {node: '>=12'}
    dependencies:
      ansi-regex: 6.0.1
    dev: false

  /styled-jsx/5.1.1_react@18.2.0:
    resolution: {integrity: sha512-pW7uC1l4mBZ8ugbiZrcIsiIvVx1UmTfw7UkC3Um2tmfUq9Bhk8IiyEIPl6F8agHgjzku6j0xQEZbfA5uSgSaCw==}
    engines: {node: '>= 12.0.0'}
    peerDependencies:
      '@babel/core': '*'
      babel-plugin-macros: '*'
      react: '>= 16.8.0 || 17.x.x || ^18.0.0-0'
    peerDependenciesMeta:
      '@babel/core':
        optional: true
      babel-plugin-macros:
        optional: true
    dependencies:
      client-only: 0.0.1
      react: 18.2.0
    dev: true

  /sucrase/3.35.0:
    resolution: {integrity: sha512-8EbVDiu9iN/nESwxeSxDKe0dunta1GOlHufmSSXxMD2z2/tMZpDMpvXQGsc+ajGo8y2uYUmixaSRUc/QPoQ0GA==}
    engines: {node: '>=16 || 14 >=14.17'}
    hasBin: true
    dependencies:
      '@jridgewell/gen-mapping': 0.3.3
      commander: 4.1.1
      glob: 10.3.10
      lines-and-columns: 1.2.4
      mz: 2.7.0
      pirates: 4.0.6
      ts-interface-checker: 0.1.13
    dev: false

  /sugar-high/0.5.6:
    resolution: {integrity: sha512-VfBxzjVfnYuiYpsjCKp8Jp9zE4pz15eBgMF4wROppvEumQobGIYyKSUaF14Fax4W3KMFZenIg6gAVM3LQZcb3A==}
    dev: true

  /thenify-all/1.6.0:
    resolution: {integrity: sha512-RNxQH/qI8/t3thXJDwcstUO4zeqo64+Uy/+sNVRBx4Xn2OX+OZ9oP+iJnNFqplFra2ZUVeKCSa2oVWi3T4uVmA==}
    engines: {node: '>=0.8'}
    dependencies:
      thenify: 3.3.1
    dev: false

  /thenify/3.3.1:
    resolution: {integrity: sha512-RVZSIV5IG10Hk3enotrhvz0T9em6cyHBLkH/YAZuKqd8hRkKhSfCGIcP2KUY0EPxndzANBmNllzWPwak+bheSw==}
    dependencies:
      any-promise: 1.3.0
    dev: false

  /ts-interface-checker/0.1.13:
    resolution: {integrity: sha512-Y/arvbn+rrz3JCKl9C4kVNfTfSm2/mEp5FSz5EsZSANGPSlQrpRI5M4PKF+mJnE52jOO90PnPSc3Ur3bTQw0gA==}
    dev: false

  /tslib/2.6.2:
    resolution: {integrity: sha512-AEYxH93jGFPn/a2iVAwW87VuUIkR1FVUKB77NwMF7nBTDkDrrT/Hpt/IrCJ0QXhW27jTBDcf5ZY7w6RiqTMw2Q==}
    dev: true

  /which/2.0.2:
    resolution: {integrity: sha512-BLI3Tl1TW3Pvl70l3yq3Y64i+awpwXqsGBYWkkqMtnbXgrMD+yj7rhW0kuEDxzJaYXGjEW5ogapKNMEKNMjibA==}
    engines: {node: '>= 8'}
    hasBin: true
    dependencies:
      isexe: 2.0.0
    dev: false

  /wrap-ansi/7.0.0:
    resolution: {integrity: sha512-YVGIj2kamLSTxw6NsZjoBxfSwsn0ycdesmc4p+Q21c5zPuZ1pl+NfxVdxPtdHvmNVOQ6XSYG4AUtyt/Fi7D16Q==}
    engines: {node: '>=10'}
    dependencies:
      ansi-styles: 4.3.0
      string-width: 4.2.3
      strip-ansi: 6.0.1
    dev: false

  /wrap-ansi/8.1.0:
    resolution: {integrity: sha512-si7QWI6zUMq56bESFvagtmzMdGOtoxfR+Sez11Mobfc7tm+VkUckk9bW2UeffTGVUbOksxmSw0AA2gs8g71NCQ==}
    engines: {node: '>=12'}
    dependencies:
      ansi-styles: 6.2.1
      string-width: 5.1.2
      strip-ansi: 7.1.0
    dev: false
