# THIS IS AN AUTOGENERATED FILE. DO NOT EDIT THIS FILE DIRECTLY.
# yarn lockfile v1


"@next/env@12.1.6-canary.4":
  version "12.1.6-canary.4"
  resolved "https://registry.yarnpkg.com/@next/env/-/env-12.1.6-canary.4.tgz#e2cfbb10a2de99128a2fd911f0c744c24afaa377"
  integrity sha512-Y2eXNI8y8Oedt6U/fNeMZjtF//UygIhbKRCTUC79hUSfK603+qRRaioTWpP4CftRzTYua5K+AS5O2RFP87ixOQ==

"@next/swc-android-arm-eabi@12.1.6-canary.4":
  version "12.1.6-canary.4"
  resolved "https://registry.yarnpkg.com/@next/swc-android-arm-eabi/-/swc-android-arm-eabi-12.1.6-canary.4.tgz#95a454ae194383f33589924951242169d87f5b4c"
  integrity sha512-08Oi9wbZVk4WNYxIgiWQ1DV5k9brXDSS9P/XmfEDHCCrKSsVPwxDrGpkmgSFRERdG6AM7tRqO2+9mL7XTawRtA==

"@next/swc-android-arm64@12.1.6-canary.4":
  version "12.1.6-canary.4"
  resolved "https://registry.yarnpkg.com/@next/swc-android-arm64/-/swc-android-arm64-12.1.6-canary.4.tgz#233af0527de8de6c57623c7622ddb676aeccc6ef"
  integrity sha512-2MRBrAIhB+2vSVNgJOU4u/2/9pqJYfZuJIzVYOVndKP67Tjd9jaXUTsr5Jrb2VRitf8L/jOMeaiIwJnd8kyY5Q==

"@next/swc-darwin-arm64@12.1.6-canary.4":
  version "12.1.6-canary.4"
  resolved "https://registry.yarnpkg.com/@next/swc-darwin-arm64/-/swc-darwin-arm64-12.1.6-canary.4.tgz#28752d0d70014178af5924fcb4b63532cee11298"
  integrity sha512-+CYkRXtPTMg3iK2jc3D9jj2GPazb0HihjpHGxRbDIkXgf0S3yN2aZywqsQ60L9YGFZk2+OZspt/L5lpFmf/Z2w==

"@next/swc-darwin-x64@12.1.6-canary.4":
  version "12.1.6-canary.4"
  resolved "https://registry.yarnpkg.com/@next/swc-darwin-x64/-/swc-darwin-x64-12.1.6-canary.4.tgz#a6870b09f63286e0683d45ee348aa1e053772be3"
  integrity sha512-0i+S22/xAkPXCfBZrjp9KrrmjfZw6dznSjbh4V3WuA8IY6VkDb/CwL5RLGSW05Ijhysg9yoqAuTH+whYtP8CFA==

"@next/swc-linux-arm-gnueabihf@12.1.6-canary.4":
  version "12.1.6-canary.4"
  resolved "https://registry.yarnpkg.com/@next/swc-linux-arm-gnueabihf/-/swc-linux-arm-gnueabihf-12.1.6-canary.4.tgz#c24a66514319196499b65fa9b9ecb44d2165a23f"
  integrity sha512-HbQKQaL286C+J4DHfDgWshCHVWY9gZ2fdN00KlxVHwmesMTr4ES62UtbJjGlOhXztp2j8AwyxGNS8Vx5y6VDpg==

"@next/swc-linux-arm64-gnu@12.1.6-canary.4":
  version "12.1.6-canary.4"
  resolved "https://registry.yarnpkg.com/@next/swc-linux-arm64-gnu/-/swc-linux-arm64-gnu-12.1.6-canary.4.tgz#11c9b614d8aef125e097344ce9340aa58a167164"
  integrity sha512-TAcHS+6lytv3eGWOsVYdBxR2z58EX6ZPlCuLkB64ieCja5bd4zR+6WaFNuZDsCtwUPcfp0ecsA0fLvaiZBOzFg==

"@next/swc-linux-arm64-musl@12.1.6-canary.4":
  version "12.1.6-canary.4"
  resolved "https://registry.yarnpkg.com/@next/swc-linux-arm64-musl/-/swc-linux-arm64-musl-12.1.6-canary.4.tgz#e30df1b82ce78229242329420ced28c98058ed91"
  integrity sha512-KwhMiig6ujfHV3y+2q09kXyBusABC3s6j2iznN2jiCcK/A94lztXsU8/XAG2+lTl2iXyWk1srY3+xnLS3qYBWA==

"@next/swc-linux-x64-gnu@12.1.6-canary.4":
  version "12.1.6-canary.4"
  resolved "https://registry.yarnpkg.com/@next/swc-linux-x64-gnu/-/swc-linux-x64-gnu-12.1.6-canary.4.tgz#f0cf68bed1297120961997b76bce0c45ca0815d1"
  integrity sha512-J+k6WgZSl7pF09c7NgBk2cJo627dwUVwRKSNQy8oe4C84MCt3FgSnp5oL9/Kim+1x7aVOB+RB5RJb8pOs3NWxg==

"@next/swc-linux-x64-musl@12.1.6-canary.4":
  version "12.1.6-canary.4"
  resolved "https://registry.yarnpkg.com/@next/swc-linux-x64-musl/-/swc-linux-x64-musl-12.1.6-canary.4.tgz#108ce2bc9279249a622f1c462e8a082984c6cb13"
  integrity sha512-/jNX1lzHqi7DFIO6hayG1xFyLiSD18I2mLm+8EXk872HuD5DaplP5G6O20WaiiqTh3uw0xO3eilLMywRI80S7A==

"@next/swc-win32-arm64-msvc@12.1.6-canary.4":
  version "12.1.6-canary.4"
  resolved "https://registry.yarnpkg.com/@next/swc-win32-arm64-msvc/-/swc-win32-arm64-msvc-12.1.6-canary.4.tgz#1dbfa272d7090ba074bfecb9c3dadb0101a34d7b"
  integrity sha512-jHjJej4X3ITgXeDKCaFXFW+/P0wm/mN78RYVgkRpqDd6YbCYSIQwD80UjRIDY3pEk7oCHElOQNn5iJJ1QAwukw==

"@next/swc-win32-ia32-msvc@12.1.6-canary.4":
  version "12.1.6-canary.4"
  resolved "https://registry.yarnpkg.com/@next/swc-win32-ia32-msvc/-/swc-win32-ia32-msvc-12.1.6-canary.4.tgz#f7828c86d4ce8641e9bc568756856457a089cdaf"
  integrity sha512-lnPBeZZ4Aj1bX4YZz0tFM0XAVc3xd56ujdbT9ngTCiOSOfgLrjPCEjjeRsUbKLC46SYGp3YFroANtaFOxYBgcg==

"@next/swc-win32-x64-msvc@12.1.6-canary.4":
  version "12.1.6-canary.4"
  resolved "https://registry.yarnpkg.com/@next/swc-win32-x64-msvc/-/swc-win32-x64-msvc-12.1.6-canary.4.tgz#3f11206202c816076da982a58ed3d7fcd080d5dc"
  integrity sha512-2THUX+5q4uNcTlPCGa2xmqOvFl1ebd5Ack9UWRwyhpA5Yv8Nx+avHskydxxVxAH2IhAIaouv2iaE9NMUh+DqSg==

any-promise@^1.0.0:
  version "1.3.0"
  resolved "https://registry.yarnpkg.com/any-promise/-/any-promise-1.3.0.tgz#abc6afeedcea52e809cdc0376aed3ce39635d17f"
  integrity sha1-q8av7tzqUugJzcA3au0845Y10X8=

balanced-match@^1.0.0:
  version "1.0.2"
  resolved "https://registry.yarnpkg.com/balanced-match/-/balanced-match-1.0.2.tgz#e83e3a7e3f300b34cb9d87f615fa0cbf357690ee"
  integrity sha512-3oSeUO0TMV67hN1AmbXsK4yaqU7tjiHlbxRDZOpH0KW9+CeX4bRAaX0Anxt0tx2MrpRpWwQaPwIlISEJhYU5Pw==

brace-expansion@^1.1.7:
  version "1.1.11"
  resolved "https://registry.yarnpkg.com/brace-expansion/-/brace-expansion-1.1.11.tgz#3c7fcbf529d87226f3d2f52b966ff5271eb441dd"
  integrity sha512-iCuPHDFgrHX7H2vEI/5xpz07zSHB00TpugqhmYtVmMO6518mCuRMoOYFldEBl0g187ufozdaHgWKcYFb61qGiA==
  dependencies:
    balanced-match "^1.0.0"
    concat-map "0.0.1"

caniuse-lite@^1.0.30001283:
  version "1.0.30001332"
  resolved "https://registry.yarnpkg.com/caniuse-lite/-/caniuse-lite-1.0.30001332.tgz#39476d3aa8d83ea76359c70302eafdd4a1d727dd"
  integrity sha512-10T30NYOEQtN6C11YGg411yebhvpnC6Z102+B95eAsN0oB6KUs01ivE8u+G6FMIRtIrVlYXhL+LUwQ3/hXwDWw==

codice@^0.0.4:
  version "0.0.4"
  resolved "https://registry.yarnpkg.com/codice/-/codice-0.0.4.tgz#e19c7e6f2b1903efd0427acc771b899f9c1f02df"
  integrity sha512-Hgr5opCC7+eB+MX67Z/bFtocg+fg0ywZ2pYMMqIi37hzSb0DrUanHnxPEJwwEEM8PXC1huAiI9GP9NQy/s3Wlw==

commander@^4.0.0:
  version "4.1.1"
  resolved "https://registry.yarnpkg.com/commander/-/commander-4.1.1.tgz#9fd602bd936294e9e9ef46a3f4d6964044b18068"
  integrity sha512-NOKm8xhkzAjzFx8B2v5OAHT+u5pRQc2UCa2Vq9jYL/31o2wi9mxBA7LIFs3sV5VSC49z6pEhfbMULvShKj26WA==

concat-map@0.0.1:
  version "0.0.1"
  resolved "https://registry.yarnpkg.com/concat-map/-/concat-map-0.0.1.tgz#d8a96bd77fd68df7793a73036a3ba0d5405d477b"
  integrity sha1-2Klr13/Wjfd5OnMDajug1UBdR3s=

"devjar@link:.":
  version "0.0.0"
  uid ""

es-module-shims@^1.5.4:
  version "1.5.4"
  resolved "https://registry.yarnpkg.com/es-module-shims/-/es-module-shims-1.5.4.tgz#952662871bed8ac996b7213f6943830c02b9fa9e"
  integrity sha512-OoVOu69uuLCnlMIcZJnYjZmp/0qhnisTUinU2WtIHztM65S1+SozyiDrmJgowScuMdYO41g8FmII+YXrkZwypA==

fs.realpath@^1.0.0:
  version "1.0.0"
  resolved "https://registry.yarnpkg.com/fs.realpath/-/fs.realpath-1.0.0.tgz#1504ad2523158caa40db4a2787cb01411994ea4f"
  integrity sha1-FQStJSMVjKpA20onh8sBQRmU6k8=

glob@7.1.6:
  version "7.1.6"
  resolved "https://registry.yarnpkg.com/glob/-/glob-7.1.6.tgz#141f33b81a7c2492e125594307480c46679278a6"
  integrity sha512-LwaxwyZ72Lk7vZINtNNrywX0ZuLyStrdDtabefZKAY5ZGJhVtgdznluResxNmPitE0SAO+O26sWTHeKSI2wMBA==
  dependencies:
    fs.realpath "^1.0.0"
    inflight "^1.0.4"
    inherits "2"
    minimatch "^3.0.4"
    once "^1.3.0"
    path-is-absolute "^1.0.0"

inflight@^1.0.4:
  version "1.0.6"
  resolved "https://registry.yarnpkg.com/inflight/-/inflight-1.0.6.tgz#49bd6331d7d02d0c09bc910a1075ba8165b56df9"
  integrity sha1-Sb1jMdfQLQwJvJEKEHW6gWW1bfk=
  dependencies:
    once "^1.3.0"
    wrappy "1"

inherits@2:
  version "2.0.4"
  resolved "https://registry.yarnpkg.com/inherits/-/inherits-2.0.4.tgz#0fa2c64f932917c3433a0ded55363aae37416b7c"
  integrity sha512-k/vGaX4/Yla3WzyMCvTQOXYeIHvqOKtnqBduzTHpzpQZzAskKMhZ2K+EnBiSM9zGSoIFeMpXKxa4dYeZIQqewQ==

"js-tokens@^3.0.0 || ^4.0.0":
  version "4.0.0"
  resolved "https://registry.yarnpkg.com/js-tokens/-/js-tokens-4.0.0.tgz#19203fb59991df98e3a287050d4647cdeaf32499"
  integrity sha512-RdJUflcE3cUzKiMqQgsCu06FPu9UdIJO0beYbPhHN4k6apgJtifcoCtT9bcxOpYBtpD2kCM6Sbzg4CausW/PKQ==

lines-and-columns@^1.1.6:
  version "1.2.4"
  resolved "https://registry.yarnpkg.com/lines-and-columns/-/lines-and-columns-1.2.4.tgz#eca284f75d2965079309dc0ad9255abb2ebc1632"
  integrity sha512-7ylylesZQ/PV29jhEDl3Ufjo6ZX7gCqJr5F7PKrqc93v7fzSymt1BpwEU8nAUXs8qzzvqhbjhK5QZg6Mt/HkBg==

loose-envify@^1.1.0:
  version "1.4.0"
  resolved "https://registry.yarnpkg.com/loose-envify/-/loose-envify-1.4.0.tgz#71ee51fa7be4caec1a63839f7e682d8132d30caf"
  integrity sha512-lyuxPGr/Wfhrlem2CL/UcnUc1zcqKAImBDzukY7Y5F/yQiNdko6+fRLevlw1HgMySw7f611UIY408EtxRSoK3Q==
  dependencies:
    js-tokens "^3.0.0 || ^4.0.0"

minimatch@^3.0.4:
  version "3.1.2"
  resolved "https://registry.yarnpkg.com/minimatch/-/minimatch-3.1.2.tgz#19cd194bfd3e428f049a70817c038d89ab4be35b"
  integrity sha512-J7p63hRiAjw1NDEww1W7i37+ByIrOWO5XQQAzZ3VOcL0PNybwpfmV/N05zFAzwQ9USyEcX6t3UO+K5aqBQOIHw==
  dependencies:
    brace-expansion "^1.1.7"

mz@^2.7.0:
  version "2.7.0"
  resolved "https://registry.yarnpkg.com/mz/-/mz-2.7.0.tgz#95008057a56cafadc2bc63dde7f9ff6955948e32"
  integrity sha512-z81GNO7nnYMEhrGh9LeymoE4+Yr0Wn5McHIZMK5cfQCl+NDX08sCZgUc9/6MHni9IWuFLm1Z3HTCXu2z9fN62Q==
  dependencies:
    any-promise "^1.0.0"
    object-assign "^4.0.1"
    thenify-all "^1.0.0"

nanoid@^3.1.30:
  version "3.3.3"
  resolved "https://registry.yarnpkg.com/nanoid/-/nanoid-3.3.3.tgz#fd8e8b7aa761fe807dba2d1b98fb7241bb724a25"
  integrity sha512-p1sjXuopFs0xg+fPASzQ28agW1oHD7xDsd9Xkf3T15H3c/cifrFHVwrh74PdoklAPi+i7MdRsE47vm2r6JoB+w==

next@^12.1.6-canary.4:
  version "12.1.6-canary.4"
  resolved "https://registry.yarnpkg.com/next/-/next-12.1.6-canary.4.tgz#bdd2ba29c5e19f1407ba7c07bac0eac1333593fd"
  integrity sha512-u5lKspI0xTVPnQw696aYxVwfDCJMwjn6coO6zckpeMRAIwDMDH45P4xvkLdJxz/C1No9kZ93ppKGHR2yKlmJBw==
  dependencies:
    "@next/env" "12.1.6-canary.4"
    caniuse-lite "^1.0.30001283"
    postcss "8.4.5"
    styled-jsx "5.0.1"
  optionalDependencies:
    "@next/swc-android-arm-eabi" "12.1.6-canary.4"
    "@next/swc-android-arm64" "12.1.6-canary.4"
    "@next/swc-darwin-arm64" "12.1.6-canary.4"
    "@next/swc-darwin-x64" "12.1.6-canary.4"
    "@next/swc-linux-arm-gnueabihf" "12.1.6-canary.4"
    "@next/swc-linux-arm64-gnu" "12.1.6-canary.4"
    "@next/swc-linux-arm64-musl" "12.1.6-canary.4"
    "@next/swc-linux-x64-gnu" "12.1.6-canary.4"
    "@next/swc-linux-x64-musl" "12.1.6-canary.4"
    "@next/swc-win32-arm64-msvc" "12.1.6-canary.4"
    "@next/swc-win32-ia32-msvc" "12.1.6-canary.4"
    "@next/swc-win32-x64-msvc" "12.1.6-canary.4"

object-assign@^4.0.1:
  version "4.1.1"
  resolved "https://registry.yarnpkg.com/object-assign/-/object-assign-4.1.1.tgz#2109adc7965887cfc05cbbd442cac8bfbb360863"
  integrity sha1-IQmtx5ZYh8/AXLvUQsrIv7s2CGM=

once@^1.3.0:
  version "1.4.0"
  resolved "https://registry.yarnpkg.com/once/-/once-1.4.0.tgz#583b1aa775961d4b113ac17d9c50baef9dd76bd1"
  integrity sha1-WDsap3WWHUsROsF9nFC6753Xa9E=
  dependencies:
    wrappy "1"

path-is-absolute@^1.0.0:
  version "1.0.1"
  resolved "https://registry.yarnpkg.com/path-is-absolute/-/path-is-absolute-1.0.1.tgz#174b9268735534ffbc7ace6bf53a5a9e1b5c5f5f"
  integrity sha1-F0uSaHNVNP+8es5r9TpanhtcX18=

picocolors@^1.0.0:
  version "1.0.0"
  resolved "https://registry.yarnpkg.com/picocolors/-/picocolors-1.0.0.tgz#cb5bdc74ff3f51892236eaf79d68bc44564ab81c"
  integrity sha512-1fygroTLlHu66zi26VoTDv8yRgm0Fccecssto+MhsZ0D/DGW2sm8E8AjW7NU5VVTRt5GxbeZ5qBuJr+HyLYkjQ==

pirates@^4.0.1:
  version "4.0.5"
  resolved "https://registry.yarnpkg.com/pirates/-/pirates-4.0.5.tgz#feec352ea5c3268fb23a37c702ab1699f35a5f3b"
  integrity sha512-8V9+HQPupnaXMA23c5hvl69zXvTwTzyAYasnkb0Tts4XvO4CliqONMOnvlq26rkhLC3nWDFBJf73LU1e1VZLaQ==

postcss@8.4.5:
  version "8.4.5"
  resolved "https://registry.yarnpkg.com/postcss/-/postcss-8.4.5.tgz#bae665764dfd4c6fcc24dc0fdf7e7aa00cc77f95"
  integrity sha512-jBDboWM8qpaqwkMwItqTQTiFikhs/67OYVvblFFTM7MrZjt6yMKd6r2kgXizEbTTljacm4NldIlZnhbjr84QYg==
  dependencies:
    nanoid "^3.1.30"
    picocolors "^1.0.0"
    source-map-js "^1.0.1"

react-dom@^18.0.0:
  version "18.0.0"
  resolved "https://registry.yarnpkg.com/react-dom/-/react-dom-18.0.0.tgz#26b88534f8f1dbb80853e1eabe752f24100d8023"
  integrity sha512-XqX7uzmFo0pUceWFCt7Gff6IyIMzFUn7QMZrbrQfGxtaxXZIcGQzoNpRLE3fQLnS4XzLLPMZX2T9TRcSrasicw==
  dependencies:
    loose-envify "^1.1.0"
    scheduler "^0.21.0"

react@^18.0.0:
  version "18.0.0"
  resolved "https://registry.yarnpkg.com/react/-/react-18.0.0.tgz#b468736d1f4a5891f38585ba8e8fb29f91c3cb96"
  integrity sha512-x+VL6wbT4JRVPm7EGxXhZ8w8LTROaxPXOqhlGyVSrv0sB1jkyFGgXxJ8LVoPRLvPR6/CIZGFmfzqUa2NYeMr2A==
  dependencies:
    loose-envify "^1.1.0"

scheduler@^0.21.0:
  version "0.21.0"
  resolved "https://registry.yarnpkg.com/scheduler/-/scheduler-0.21.0.tgz#6fd2532ff5a6d877b6edb12f00d8ab7e8f308820"
  integrity sha512-1r87x5fz9MXqswA2ERLo0EbOAU74DpIUO090gIasYTqlVoJeMcl+Z1Rg7WHz+qtPujhS/hGIt9kxZOYBV3faRQ==
  dependencies:
    loose-envify "^1.1.0"

source-map-js@^1.0.1:
  version "1.0.2"
  resolved "https://registry.yarnpkg.com/source-map-js/-/source-map-js-1.0.2.tgz#adbc361d9c62df380125e7f161f71c826f1e490c"
  integrity sha512-R0XvVJ9WusLiqTCEiGCmICCMplcCkIwwR11mOSD9CR5u+IXYdiseeEuXCVAjS54zqwkLcPNnmU4OeJ6tUrWhDw==

styled-jsx@5.0.1:
  version "5.0.1"
  resolved "https://registry.yarnpkg.com/styled-jsx/-/styled-jsx-5.0.1.tgz#78fecbbad2bf95ce6cd981a08918ce4696f5fc80"
  integrity sha512-+PIZ/6Uk40mphiQJJI1202b+/dYeTVd9ZnMPR80pgiWbjIwvN2zIp4r9et0BgqBuShh48I0gttPlAXA7WVvBxw==

sucrase@3.21.0:
  version "3.21.0"
  resolved "https://registry.yarnpkg.com/sucrase/-/sucrase-3.21.0.tgz#6a5affdbe716b22e4dc99c57d366ad0d216444b9"
  integrity sha512-FjAhMJjDcifARI7bZej0Bi1yekjWQHoEvWIXhLPwDhC6O4iZ5PtGb86WV56riW87hzpgB13wwBKO9vKAiWu5VQ==
  dependencies:
    commander "^4.0.0"
    glob "7.1.6"
    lines-and-columns "^1.1.6"
    mz "^2.7.0"
    pirates "^4.0.1"
    ts-interface-checker "^0.1.9"

sugar-high@^0.4.0:
  version "0.4.0"
  resolved "https://registry.yarnpkg.com/sugar-high/-/sugar-high-0.4.0.tgz#3b8713f60f5d5a064d2d5aa3a9a79c03f45fb9d9"
  integrity sha512-B3b8RUKXz/+ta2TkLseQNo6YLnxRgKTOrZz6lilVYPVjuNi+7wI1HSiaKZPcMVa48txElVIEl1udj5Wk+Q2spQ==

thenify-all@^1.0.0:
  version "1.6.0"
  resolved "https://registry.yarnpkg.com/thenify-all/-/thenify-all-1.6.0.tgz#1a1918d402d8fc3f98fbf234db0bcc8cc10e9726"
  integrity sha1-GhkY1ALY/D+Y+/I02wvMjMEOlyY=
  dependencies:
    thenify ">= 3.1.0 < 4"

"thenify@>= 3.1.0 < 4":
  version "3.3.1"
  resolved "https://registry.yarnpkg.com/thenify/-/thenify-3.3.1.tgz#8932e686a4066038a016dd9e2ca46add9838a95f"
  integrity sha512-RVZSIV5IG10Hk3enotrhvz0T9em6cyHBLkH/YAZuKqd8hRkKhSfCGIcP2KUY0EPxndzANBmNllzWPwak+bheSw==
  dependencies:
    any-promise "^1.0.0"

ts-interface-checker@^0.1.9:
  version "0.1.13"
  resolved "https://registry.yarnpkg.com/ts-interface-checker/-/ts-interface-checker-0.1.13.tgz#784fd3d679722bc103b1b4b8030bcddb5db2a699"
  integrity sha512-Y/arvbn+rrz3JCKl9C4kVNfTfSm2/mEp5FSz5EsZSANGPSlQrpRI5M4PKF+mJnE52jOO90PnPSc3Ur3bTQw0gA==

wrappy@1:
  version "1.0.2"
  resolved "https://registry.yarnpkg.com/wrappy/-/wrappy-1.0.2.tgz#b5243d8f3ec1aa35f1364605bc0d1036e30ab69f"
  integrity sha1-tSQ9jz7BqjXxNkYFvA0QNuMKtp8=
