# THIS IS AN AUTOGENERATED FILE. DO NOT EDIT THIS FILE DIRECTLY.
# yarn lockfile v1


"@next/env@13.2.0":
  version "13.2.0"
  resolved "https://registry.yarnpkg.com/@next/env/-/env-13.2.0.tgz#1a597a885ce11860446c88e1098fd517dc0e84b1"
  integrity sha512-yv9oaRVa+AxFa27uQOVecS931NrE+GcQSqcL2HaRxL8NunStLtPiyNm/VixvdzfiWLabMz4dXvbXfwCNaECzcw==

"@next/swc-android-arm-eabi@13.2.0":
  version "13.2.0"
  resolved "https://registry.yarnpkg.com/@next/swc-android-arm-eabi/-/swc-android-arm-eabi-13.2.0.tgz#241d007fdb2f06f70ab21d5a333e08a29de9cd7f"
  integrity sha512-VMetUwBWtDBGzNiOkhiWTP+99ZYW5NVRpIGlUsldEtY8IQIqleaUgW9iamsO0kDSjhWNdCQCB+xu5HcCvmDTww==

"@next/swc-android-arm64@13.2.0":
  version "13.2.0"
  resolved "https://registry.yarnpkg.com/@next/swc-android-arm64/-/swc-android-arm64-13.2.0.tgz#924e79197f094a12ac3409b6a416f84c2f74341d"
  integrity sha512-fAiP54Om3fSj5aKntxEvW5fWzyMUzLzjFrHuUt5jBnTRWM4QikhLy547OZDoxycyk4GoQVHmNMSA3hILsrV/dQ==

"@next/swc-darwin-arm64@13.2.0":
  version "13.2.0"
  resolved "https://registry.yarnpkg.com/@next/swc-darwin-arm64/-/swc-darwin-arm64-13.2.0.tgz#bfd3dfe90903b3bbf81f617f2b1d4f8b9e20e8aa"
  integrity sha512-F4zbvPnq3zCTqyyM6WN8ledazzJx3OrxIdc2ewnqnfk6tjBZ/aq1M27GhEfylGjZG1KvbtJCxUqi7dR/6R94bA==

"@next/swc-darwin-x64@13.2.0":
  version "13.2.0"
  resolved "https://registry.yarnpkg.com/@next/swc-darwin-x64/-/swc-darwin-x64-13.2.0.tgz#3d159bb2889f093d173546a6e5edd6260df7e156"
  integrity sha512-Y9+fB7TLAAnkCZQXWjwJg5bi1pT5NuNkI+HoKYp26U1J0SxW5vZWFGc31WFmmHIz3wA0zlaQfRa4mF7cpZL5yw==

"@next/swc-freebsd-x64@13.2.0":
  version "13.2.0"
  resolved "https://registry.yarnpkg.com/@next/swc-freebsd-x64/-/swc-freebsd-x64-13.2.0.tgz#33877ad933e1b3d7776dfb060f4e3b55f675523e"
  integrity sha512-b9bCLlfznbV6e6Vg9wKYZJs7Uz8z/Py9105MYq95a3JlHiI3e/fvBpm1c7fe5QlvWJlqyNav6Clyu1W+lDk+IQ==

"@next/swc-linux-arm-gnueabihf@13.2.0":
  version "13.2.0"
  resolved "https://registry.yarnpkg.com/@next/swc-linux-arm-gnueabihf/-/swc-linux-arm-gnueabihf-13.2.0.tgz#31b81ff368e5337019f858c4a0d7ae7f80310728"
  integrity sha512-jY/2JjDVVyktzRtMclAIVLgOxk5Ut9NKu8kKMCPdKMf9/ila37UpRfIh2fOXtRhv8AK7Lq/iSI/v2vjopZxZgQ==

"@next/swc-linux-arm64-gnu@13.2.0":
  version "13.2.0"
  resolved "https://registry.yarnpkg.com/@next/swc-linux-arm64-gnu/-/swc-linux-arm64-gnu-13.2.0.tgz#e46bd73d1ccc38be46009b88dc87df88d8c44fa1"
  integrity sha512-EKjWU3/lSBhOwPQRQLbySUnATnXygCjGd8ag3rP6d7kTIhfuPO4pY+DYW+wHOt5qB1ULNRmW0sXZ/ZKnQrVszw==

"@next/swc-linux-arm64-musl@13.2.0":
  version "13.2.0"
  resolved "https://registry.yarnpkg.com/@next/swc-linux-arm64-musl/-/swc-linux-arm64-musl-13.2.0.tgz#54a4f0cc1431f3e4e24a5e017e473a5fc761b33b"
  integrity sha512-T5R9r23Docwo6PYZRzndeFB5WUN3+smMbyk25K50MAngCiSydr82/YfAetcp7Ov7Shp4a8xXP9DHDIsBas6wbQ==

"@next/swc-linux-x64-gnu@13.2.0":
  version "13.2.0"
  resolved "https://registry.yarnpkg.com/@next/swc-linux-x64-gnu/-/swc-linux-x64-gnu-13.2.0.tgz#1c17a6121846decac2d701a040649f8f764ac671"
  integrity sha512-FeXTc2KFvUSnTJmkpNMKoBHmNA1Ujr3QdfcKnVm/gXWqK+rfuEhAiRNOo+6mPcQ0noEge1j8Ai+W1LTbdDwPZQ==

"@next/swc-linux-x64-musl@13.2.0":
  version "13.2.0"
  resolved "https://registry.yarnpkg.com/@next/swc-linux-x64-musl/-/swc-linux-x64-musl-13.2.0.tgz#a4f39cfeb19123196a2ebc2061e60897b29ffa3f"
  integrity sha512-7Y0XMUzWDWI94pxC0xWGMWrgTFKHu/myc+GTNVEwvLtI9WA0brKqZrL1tCQW/+t6J+5XqS7w+AHbViaF+muu1A==

"@next/swc-win32-arm64-msvc@13.2.0":
  version "13.2.0"
  resolved "https://registry.yarnpkg.com/@next/swc-win32-arm64-msvc/-/swc-win32-arm64-msvc-13.2.0.tgz#d21ef0d0c2757cee9b1d723aafb9e02ca25852eb"
  integrity sha512-NM5h2gEMe8EtvOeRU3vRM83tq1xo6Qvhuz0xJem/176SAMxbqzAz4LLP3l9VyUI3SIzGyiztvF/1c0jqeq7UEA==

"@next/swc-win32-ia32-msvc@13.2.0":
  version "13.2.0"
  resolved "https://registry.yarnpkg.com/@next/swc-win32-ia32-msvc/-/swc-win32-ia32-msvc-13.2.0.tgz#529852721e3f00afb9385640cbac1a899342c6ba"
  integrity sha512-G7YEJZX9wkcUaBOvXQSCF9Wb2sqP8hhsmFXF6po7M3llw4b+2ut2DXLf+UMdthOdUK0u+Ijhy5F7SbW9HOn2ig==

"@next/swc-win32-x64-msvc@13.2.0":
  version "13.2.0"
  resolved "https://registry.yarnpkg.com/@next/swc-win32-x64-msvc/-/swc-win32-x64-msvc-13.2.0.tgz#49bc50b1865d20b29892a415fcbaab84217112a5"
  integrity sha512-QTAjSuPevnZnlHfC4600+4NvxRuPar6tWdYbPum9vnk3OIH1xu9YLK+2ArPGFd0bB2K8AoY2SIMbs1dhK0GjQQ==

"@swc/helpers@0.4.14":
  version "0.4.14"
  resolved "https://registry.yarnpkg.com/@swc/helpers/-/helpers-0.4.14.tgz#1352ac6d95e3617ccb7c1498ff019654f1e12a74"
  integrity sha512-4C7nX/dvpzB7za4Ql9K81xK3HPxCpHMgwTZVyf+9JQ6VUbn9jjZVN7/Nkdz/Ugzs2CSjqnL/UPXroiVBVHUWUw==
  dependencies:
    tslib "^2.4.0"

any-promise@^1.0.0:
  version "1.3.0"
  resolved "https://registry.yarnpkg.com/any-promise/-/any-promise-1.3.0.tgz#abc6afeedcea52e809cdc0376aed3ce39635d17f"
  integrity sha512-7UvmKalWRt1wgjL1RrGxoSJW/0QZFIegpeGvZG9kjp8vrRu55XTHbwnqq2GpXm9uLbcuhxm3IqX9OB4MZR1b2A==

balanced-match@^1.0.0:
  version "1.0.2"
  resolved "https://registry.yarnpkg.com/balanced-match/-/balanced-match-1.0.2.tgz#e83e3a7e3f300b34cb9d87f615fa0cbf357690ee"
  integrity sha512-3oSeUO0TMV67hN1AmbXsK4yaqU7tjiHlbxRDZOpH0KW9+CeX4bRAaX0Anxt0tx2MrpRpWwQaPwIlISEJhYU5Pw==

brace-expansion@^1.1.7:
  version "1.1.11"
  resolved "https://registry.yarnpkg.com/brace-expansion/-/brace-expansion-1.1.11.tgz#3c7fcbf529d87226f3d2f52b966ff5271eb441dd"
  integrity sha512-iCuPHDFgrHX7H2vEI/5xpz07zSHB00TpugqhmYtVmMO6518mCuRMoOYFldEBl0g187ufozdaHgWKcYFb61qGiA==
  dependencies:
    balanced-match "^1.0.0"
    concat-map "0.0.1"

caniuse-lite@^1.0.30001406:
  version "1.0.30001456"
  resolved "https://registry.yarnpkg.com/caniuse-lite/-/caniuse-lite-1.0.30001456.tgz#734ec1dbfa4f3abe6e435b78ecf40d68e8c32ce4"
  integrity sha512-XFHJY5dUgmpMV25UqaD4kVq2LsiaU5rS8fb0f17pCoXQiQslzmFgnfOxfvo1bTpTqf7dwG/N/05CnLCnOEKmzA==

client-only@0.0.1:
  version "0.0.1"
  resolved "https://registry.yarnpkg.com/client-only/-/client-only-0.0.1.tgz#38bba5d403c41ab150bff64a95c85013cf73bca1"
  integrity sha512-IV3Ou0jSMzZrd3pZ48nLkT9DA7Ag1pnPzaiQhpW7c3RbcqqzvzzVu+L8gfqMp/8IM2MQtSiqaCxrrcfu8I8rMA==

codice@^0.1.0:
  version "0.1.0"
  resolved "https://registry.yarnpkg.com/codice/-/codice-0.1.0.tgz#da6d4f54d3239c8e7a4b22a4d9431d413b242bb9"
  integrity sha512-V8wjvkSO8o/YFMf1MS6jWXKnK9SncNHIG275R6KNNkIxMvE7GkYc1/4v5YDlV+HOrEL3+8w28PGSnx1+kv+Djg==

commander@^4.0.0:
  version "4.1.1"
  resolved "https://registry.yarnpkg.com/commander/-/commander-4.1.1.tgz#9fd602bd936294e9e9ef46a3f4d6964044b18068"
  integrity sha512-NOKm8xhkzAjzFx8B2v5OAHT+u5pRQc2UCa2Vq9jYL/31o2wi9mxBA7LIFs3sV5VSC49z6pEhfbMULvShKj26WA==

concat-map@0.0.1:
  version "0.0.1"
  resolved "https://registry.yarnpkg.com/concat-map/-/concat-map-0.0.1.tgz#d8a96bd77fd68df7793a73036a3ba0d5405d477b"
  integrity sha1-2Klr13/Wjfd5OnMDajug1UBdR3s=

"devjar@link:.":
  version "0.0.0"
  uid ""

es-module-lexer@0.10.5:
  version "0.10.5"
  resolved "https://registry.yarnpkg.com/es-module-lexer/-/es-module-lexer-0.10.5.tgz#06f76d51fa53b1f78e3bd8bb36dd275eda2fdd53"
  integrity sha512-+7IwY/kiGAacQfY+YBhKMvEmyAJnw5grTUgjG85Pe7vcUI/6b7pZjZG8nQ7+48YhzEAEqrEgD2dCz/JIK+AYvw==

es-module-shims@1.5.9:
  version "1.5.9"
  resolved "https://registry.yarnpkg.com/es-module-shims/-/es-module-shims-1.5.9.tgz#eea372aad7bb98236192276407bf5b4505ec68c8"
  integrity sha512-Qn5zisz4pG6P1q8YZj20UP1WHDSZNc+0am5WAUMpa8lh8fI31f4zZq5VEkPyuBp5vu8mnkdeBru2S38/nFy42g==

fs.realpath@^1.0.0:
  version "1.0.0"
  resolved "https://registry.yarnpkg.com/fs.realpath/-/fs.realpath-1.0.0.tgz#1504ad2523158caa40db4a2787cb01411994ea4f"
  integrity sha1-FQStJSMVjKpA20onh8sBQRmU6k8=

glob@7.1.6:
  version "7.1.6"
  resolved "https://registry.yarnpkg.com/glob/-/glob-7.1.6.tgz#141f33b81a7c2492e125594307480c46679278a6"
  integrity sha512-LwaxwyZ72Lk7vZINtNNrywX0ZuLyStrdDtabefZKAY5ZGJhVtgdznluResxNmPitE0SAO+O26sWTHeKSI2wMBA==
  dependencies:
    fs.realpath "^1.0.0"
    inflight "^1.0.4"
    inherits "2"
    minimatch "^3.0.4"
    once "^1.3.0"
    path-is-absolute "^1.0.0"

inflight@^1.0.4:
  version "1.0.6"
  resolved "https://registry.yarnpkg.com/inflight/-/inflight-1.0.6.tgz#49bd6331d7d02d0c09bc910a1075ba8165b56df9"
  integrity sha1-Sb1jMdfQLQwJvJEKEHW6gWW1bfk=
  dependencies:
    once "^1.3.0"
    wrappy "1"

inherits@2:
  version "2.0.4"
  resolved "https://registry.yarnpkg.com/inherits/-/inherits-2.0.4.tgz#0fa2c64f932917c3433a0ded55363aae37416b7c"
  integrity sha512-k/vGaX4/Yla3WzyMCvTQOXYeIHvqOKtnqBduzTHpzpQZzAskKMhZ2K+EnBiSM9zGSoIFeMpXKxa4dYeZIQqewQ==

"js-tokens@^3.0.0 || ^4.0.0":
  version "4.0.0"
  resolved "https://registry.yarnpkg.com/js-tokens/-/js-tokens-4.0.0.tgz#19203fb59991df98e3a287050d4647cdeaf32499"
  integrity sha512-RdJUflcE3cUzKiMqQgsCu06FPu9UdIJO0beYbPhHN4k6apgJtifcoCtT9bcxOpYBtpD2kCM6Sbzg4CausW/PKQ==

lines-and-columns@^1.1.6:
  version "1.2.4"
  resolved "https://registry.yarnpkg.com/lines-and-columns/-/lines-and-columns-1.2.4.tgz#eca284f75d2965079309dc0ad9255abb2ebc1632"
  integrity sha512-7ylylesZQ/PV29jhEDl3Ufjo6ZX7gCqJr5F7PKrqc93v7fzSymt1BpwEU8nAUXs8qzzvqhbjhK5QZg6Mt/HkBg==

lodash-es@^4.17.21:
  version "4.17.21"
  resolved "https://registry.yarnpkg.com/lodash-es/-/lodash-es-4.17.21.tgz#43e626c46e6591b7750beb2b50117390c609e3ee"
  integrity sha512-mKnC+QJ9pWVzv+C4/U3rRsHapFfHvQFoFB92e52xeyGMcX6/OlIl78je1u8vePzYZSkkogMPJ2yjxxsb89cxyw==

loose-envify@^1.1.0:
  version "1.4.0"
  resolved "https://registry.yarnpkg.com/loose-envify/-/loose-envify-1.4.0.tgz#71ee51fa7be4caec1a63839f7e682d8132d30caf"
  integrity sha512-lyuxPGr/Wfhrlem2CL/UcnUc1zcqKAImBDzukY7Y5F/yQiNdko6+fRLevlw1HgMySw7f611UIY408EtxRSoK3Q==
  dependencies:
    js-tokens "^3.0.0 || ^4.0.0"

minimatch@^3.0.4:
  version "3.1.2"
  resolved "https://registry.yarnpkg.com/minimatch/-/minimatch-3.1.2.tgz#19cd194bfd3e428f049a70817c038d89ab4be35b"
  integrity sha512-J7p63hRiAjw1NDEww1W7i37+ByIrOWO5XQQAzZ3VOcL0PNybwpfmV/N05zFAzwQ9USyEcX6t3UO+K5aqBQOIHw==
  dependencies:
    brace-expansion "^1.1.7"

mz@^2.7.0:
  version "2.7.0"
  resolved "https://registry.yarnpkg.com/mz/-/mz-2.7.0.tgz#95008057a56cafadc2bc63dde7f9ff6955948e32"
  integrity sha512-z81GNO7nnYMEhrGh9LeymoE4+Yr0Wn5McHIZMK5cfQCl+NDX08sCZgUc9/6MHni9IWuFLm1Z3HTCXu2z9fN62Q==
  dependencies:
    any-promise "^1.0.0"
    object-assign "^4.0.1"
    thenify-all "^1.0.0"

nanoid@^3.3.4:
  version "3.3.4"
  resolved "https://registry.yarnpkg.com/nanoid/-/nanoid-3.3.4.tgz#730b67e3cd09e2deacf03c027c81c9d9dbc5e8ab"
  integrity sha512-MqBkQh/OHTS2egovRtLk45wEyNXwF+cokD+1YPf9u5VfJiRdAiRwB2froX5Co9Rh20xs4siNPm8naNotSD6RBw==

next@^13.2.0:
  version "13.2.0"
  resolved "https://registry.yarnpkg.com/next/-/next-13.2.0.tgz#100b2d1dca120a3460c767ccdad80fc8e2463e31"
  integrity sha512-vhByvKHedsaMwNTwXKzK4IMmNp7XI7vN4etcGUoIpLrIuDfoYA3bS0ImS4X9F6lKzopG5aVp7a1CjuzF2NGkvA==
  dependencies:
    "@next/env" "13.2.0"
    "@swc/helpers" "0.4.14"
    caniuse-lite "^1.0.30001406"
    postcss "8.4.14"
    styled-jsx "5.1.1"
  optionalDependencies:
    "@next/swc-android-arm-eabi" "13.2.0"
    "@next/swc-android-arm64" "13.2.0"
    "@next/swc-darwin-arm64" "13.2.0"
    "@next/swc-darwin-x64" "13.2.0"
    "@next/swc-freebsd-x64" "13.2.0"
    "@next/swc-linux-arm-gnueabihf" "13.2.0"
    "@next/swc-linux-arm64-gnu" "13.2.0"
    "@next/swc-linux-arm64-musl" "13.2.0"
    "@next/swc-linux-x64-gnu" "13.2.0"
    "@next/swc-linux-x64-musl" "13.2.0"
    "@next/swc-win32-arm64-msvc" "13.2.0"
    "@next/swc-win32-ia32-msvc" "13.2.0"
    "@next/swc-win32-x64-msvc" "13.2.0"

object-assign@^4.0.1:
  version "4.1.1"
  resolved "https://registry.yarnpkg.com/object-assign/-/object-assign-4.1.1.tgz#2109adc7965887cfc05cbbd442cac8bfbb360863"
  integrity sha1-IQmtx5ZYh8/AXLvUQsrIv7s2CGM=

once@^1.3.0:
  version "1.4.0"
  resolved "https://registry.yarnpkg.com/once/-/once-1.4.0.tgz#583b1aa775961d4b113ac17d9c50baef9dd76bd1"
  integrity sha1-WDsap3WWHUsROsF9nFC6753Xa9E=
  dependencies:
    wrappy "1"

path-is-absolute@^1.0.0:
  version "1.0.1"
  resolved "https://registry.yarnpkg.com/path-is-absolute/-/path-is-absolute-1.0.1.tgz#174b9268735534ffbc7ace6bf53a5a9e1b5c5f5f"
  integrity sha1-F0uSaHNVNP+8es5r9TpanhtcX18=

picocolors@^1.0.0:
  version "1.0.0"
  resolved "https://registry.yarnpkg.com/picocolors/-/picocolors-1.0.0.tgz#cb5bdc74ff3f51892236eaf79d68bc44564ab81c"
  integrity sha512-1fygroTLlHu66zi26VoTDv8yRgm0Fccecssto+MhsZ0D/DGW2sm8E8AjW7NU5VVTRt5GxbeZ5qBuJr+HyLYkjQ==

pirates@^4.0.1:
  version "4.0.5"
  resolved "https://registry.yarnpkg.com/pirates/-/pirates-4.0.5.tgz#feec352ea5c3268fb23a37c702ab1699f35a5f3b"
  integrity sha512-8V9+HQPupnaXMA23c5hvl69zXvTwTzyAYasnkb0Tts4XvO4CliqONMOnvlq26rkhLC3nWDFBJf73LU1e1VZLaQ==

postcss@8.4.14:
  version "8.4.14"
  resolved "https://registry.yarnpkg.com/postcss/-/postcss-8.4.14.tgz#ee9274d5622b4858c1007a74d76e42e56fd21caf"
  integrity sha512-E398TUmfAYFPBSdzgeieK2Y1+1cpdxJx8yXbK/m57nRhKSmk1GB2tO4lbLBtlkfPQTDKfe4Xqv1ASWPpayPEig==
  dependencies:
    nanoid "^3.3.4"
    picocolors "^1.0.0"
    source-map-js "^1.0.2"

react-dom@^18.2.0:
  version "18.2.0"
  resolved "https://registry.yarnpkg.com/react-dom/-/react-dom-18.2.0.tgz#22aaf38708db2674ed9ada224ca4aa708d821e3d"
  integrity sha512-6IMTriUmvsjHUjNtEDudZfuDQUoWXVxKHhlEGSk81n4YFS+r/Kl99wXiwlVXtPBtJenozv2P+hxDsw9eA7Xo6g==
  dependencies:
    loose-envify "^1.1.0"
    scheduler "^0.23.0"

react@^18.2.0:
  version "18.2.0"
  resolved "https://registry.yarnpkg.com/react/-/react-18.2.0.tgz#555bd98592883255fa00de14f1151a917b5d77d5"
  integrity sha512-/3IjMdb2L9QbBdWiW5e3P2/npwMBaU9mHCSCUzNln0ZCYbcfTsGbTJrU/kGemdH2IWmB2ioZ+zkxtmq6g09fGQ==
  dependencies:
    loose-envify "^1.1.0"

scheduler@^0.23.0:
  version "0.23.0"
  resolved "https://registry.yarnpkg.com/scheduler/-/scheduler-0.23.0.tgz#ba8041afc3d30eb206a487b6b384002e4e61fdfe"
  integrity sha512-CtuThmgHNg7zIZWAXi3AsyIzA3n4xx7aNyjwC2VJldO2LMVDhFK+63xGqq6CsJH4rTAt6/M+N4GhZiDYPx9eUw==
  dependencies:
    loose-envify "^1.1.0"

source-map-js@^1.0.2:
  version "1.0.2"
  resolved "https://registry.yarnpkg.com/source-map-js/-/source-map-js-1.0.2.tgz#adbc361d9c62df380125e7f161f71c826f1e490c"
  integrity sha512-R0XvVJ9WusLiqTCEiGCmICCMplcCkIwwR11mOSD9CR5u+IXYdiseeEuXCVAjS54zqwkLcPNnmU4OeJ6tUrWhDw==

styled-jsx@5.1.1:
  version "5.1.1"
  resolved "https://registry.yarnpkg.com/styled-jsx/-/styled-jsx-5.1.1.tgz#839a1c3aaacc4e735fed0781b8619ea5d0009d1f"
  integrity sha512-pW7uC1l4mBZ8ugbiZrcIsiIvVx1UmTfw7UkC3Um2tmfUq9Bhk8IiyEIPl6F8agHgjzku6j0xQEZbfA5uSgSaCw==
  dependencies:
    client-only "0.0.1"

sucrase@3.23.0:
  version "3.23.0"
  resolved "https://registry.yarnpkg.com/sucrase/-/sucrase-3.23.0.tgz#2a7fa80a04f055fb2e95d2aead03fec1dba52838"
  integrity sha512-xgC1xboStzGhCnRywlBf/DLmkC+SkdAKqrNCDsxGrzM0phR5oUxoFKiQNrsc2D8wDdAm03iLbSZqjHDddo3IzQ==
  dependencies:
    commander "^4.0.0"
    glob "7.1.6"
    lines-and-columns "^1.1.6"
    mz "^2.7.0"
    pirates "^4.0.1"
    ts-interface-checker "^0.1.9"

sugar-high@^0.5.0:
  version "0.5.0"
  resolved "https://registry.yarnpkg.com/sugar-high/-/sugar-high-0.5.0.tgz#88f049d1cc150a1c7dd87992103f838e657254a4"
  integrity sha512-NZ5GojSJPbEjZIGxYtE9Dt6UvDK4h1WHjHbArZ9MqFSnUOVoNlpw4k3XgvlIoDPyZ/PDAvbbU2JBGZkJxM07YA==

thenify-all@^1.0.0:
  version "1.6.0"
  resolved "https://registry.yarnpkg.com/thenify-all/-/thenify-all-1.6.0.tgz#1a1918d402d8fc3f98fbf234db0bcc8cc10e9726"
  integrity sha1-GhkY1ALY/D+Y+/I02wvMjMEOlyY=
  dependencies:
    thenify ">= 3.1.0 < 4"

"thenify@>= 3.1.0 < 4":
  version "3.3.1"
  resolved "https://registry.yarnpkg.com/thenify/-/thenify-3.3.1.tgz#8932e686a4066038a016dd9e2ca46add9838a95f"
  integrity sha512-RVZSIV5IG10Hk3enotrhvz0T9em6cyHBLkH/YAZuKqd8hRkKhSfCGIcP2KUY0EPxndzANBmNllzWPwak+bheSw==
  dependencies:
    any-promise "^1.0.0"

ts-interface-checker@^0.1.9:
  version "0.1.13"
  resolved "https://registry.yarnpkg.com/ts-interface-checker/-/ts-interface-checker-0.1.13.tgz#784fd3d679722bc103b1b4b8030bcddb5db2a699"
  integrity sha512-Y/arvbn+rrz3JCKl9C4kVNfTfSm2/mEp5FSz5EsZSANGPSlQrpRI5M4PKF+mJnE52jOO90PnPSc3Ur3bTQw0gA==

tslib@^2.4.0:
  version "2.5.0"
  resolved "https://registry.yarnpkg.com/tslib/-/tslib-2.5.0.tgz#42bfed86f5787aeb41d031866c8f402429e0fddf"
  integrity sha512-336iVw3rtn2BUK7ORdIAHTyxHGRIHVReokCR3XjbckJMK7ms8FysBfhLR8IXnAgy7T0PTPNBWKiH514FOW/WSg==

wrappy@1:
  version "1.0.2"
  resolved "https://registry.yarnpkg.com/wrappy/-/wrappy-1.0.2.tgz#b5243d8f3ec1aa35f1364605bc0d1036e30ab69f"
  integrity sha1-tSQ9jz7BqjXxNkYFvA0QNuMKtp8=
